
Microsoft Visual Studio Solution File, Format Version 12.00
# Visual Studio Version 16
VisualStudioVersion = 16.0.30011.22
MinimumVisualStudioVersion = 10.0.40219.1
Project("{FAE04EC0-301F-11D3-BF4B-00C04F79EFBC}") = "MyEvenNrArray", "MyEvenNrArray\MyEvenNrArray.csproj", "{508DB6A4-BDBF-437A-9DEA-72AEC396D780}"
EndProject
Global
	GlobalSection(SolutionConfigurationPlatforms) = preSolution
		Debug|Any CPU = Debug|Any CPU
		Release|Any CPU = Release|Any CPU
	EndGlobalSection
	GlobalSection(ProjectConfigurationPlatforms) = postSolution
		{508DB6A4-BDBF-437A-9DEA-72AEC396D780}.Debug|Any CPU.ActiveCfg = Debug|Any CPU
		{508DB6A4-BDBF-437A-9DEA-72AEC396D780}.Debug|Any CPU.Build.0 = Debug|Any CPU
		{508DB6A4-BDBF-437A-9DEA-72AEC396D780}.Release|Any CPU.ActiveCfg = Release|Any CPU
		{508DB6A4-BDBF-437A-9DEA-72AEC396D780}.Release|Any CPU.Build.0 = Release|Any CPU
	EndGlobalSection
	GlobalSection(SolutionProperties) = preSolution
		HideSolutionNode = FALSE
	EndGlobalSection
	GlobalSection(ExtensibilityGlobals) = postSolution
		SolutionGuid = {BA23623B-E3A6-4ED4-8B9E-FC839A4E9A2C}
	EndGlobalSection
EndGlobal
